
Microsoft Visual Studio Solution File, Format Version 12.00
# Visual Studio Version 16
VisualStudioVersion = 16.0.30114.105
MinimumVisualStudioVersion = 10.0.40219.1
Project("{FAE04EC0-301F-11D3-BF4B-00C04F79EFBC}") = "JTPrisonerRecruitment", "JTPrisonerRecruitment\JTPrisonerRecruitment.csproj", "{CBA97E5B-4F25-49F4-BF68-3D3BCAF2C43F}"
EndProject
Global
	GlobalSection(SolutionConfigurationPlatforms) = preSolution
		Debug|Any CPU = Debug|Any CPU
		Debug|x64 = Debug|x64
		Debug|x86 = Debug|x86
		Release|Any CPU = Release|Any CPU
		Release|x64 = Release|x64
		Release|x86 = Release|x86
	EndGlobalSection
	GlobalSection(ProjectConfigurationPlatforms) = postSolution
		{CBA97E5B-4F25-49F4-BF68-3D3BCAF2C43F}.Debug|Any CPU.ActiveCfg = Release|Any CPU
		{CBA97E5B-4F25-49F4-BF68-3D3BCAF2C43F}.Debug|Any CPU.Build.0 = Release|Any CPU
		{CBA97E5B-4F25-49F4-BF68-3D3BCAF2C43F}.Debug|x64.ActiveCfg = Debug|x64
		{CBA97E5B-4F25-49F4-BF68-3D3BCAF2C43F}.Debug|x64.Build.0 = Debug|x64
		{CBA97E5B-4F25-49F4-BF68-3D3BCAF2C43F}.Debug|x86.ActiveCfg = Debug|x86
		{CBA97E5B-4F25-49F4-BF68-3D3BCAF2C43F}.Debug|x86.Build.0 = Debug|x86
		{CBA97E5B-4F25-49F4-BF68-3D3BCAF2C43F}.Release|Any CPU.ActiveCfg = Release|Any CPU
		{CBA97E5B-4F25-49F4-BF68-3D3BCAF2C43F}.Release|Any CPU.Build.0 = Release|Any CPU
		{CBA97E5B-4F25-49F4-BF68-3D3BCAF2C43F}.Release|x64.ActiveCfg = Release|x64
		{CBA97E5B-4F25-49F4-BF68-3D3BCAF2C43F}.Release|x64.Build.0 = Release|x64
		{CBA97E5B-4F25-49F4-BF68-3D3BCAF2C43F}.Release|x86.ActiveCfg = Release|x86
		{CBA97E5B-4F25-49F4-BF68-3D3BCAF2C43F}.Release|x86.Build.0 = Release|x86
	EndGlobalSection
	GlobalSection(SolutionProperties) = preSolution
		HideSolutionNode = FALSE
	EndGlobalSection
	GlobalSection(ExtensibilityGlobals) = postSolution
		SolutionGuid = {9DD7C928-1972-4ABF-85E1-6AB1A5A1D559}
	EndGlobalSection
EndGlobal
